{
  "name": "ai-product-management",
  "version": "1.0.0",
  "lockfileVersion": 3,
  "requires": true,
  "packages": {
    "": {
      "name": "ai-product-management",
      "version": "1.0.0",
      "license": "MIT",
      "workspaces": [
        "apps/*",
        "services/*",
        "packages/*"
      ],
      "engines": {
        "node": ">=20.0.0"
      }
    },
    "apps/family-scan-web": {
      "version": "1.0.0",
      "license": "MIT"
    },
    "apps/mobile": {
      "version": "1.0.0",
      "license": "MIT"
    },
    "node_modules/@ghostbuster/shared": {
      "resolved": "packages/shared",
      "link": true
    },
    "node_modules/api-relay": {
      "resolved": "services/api-relay",
      "link": true
    },
    "node_modules/family-scan-web": {
      "resolved": "apps/family-scan-web",
      "link": true
    },
    "node_modules/mobile": {
      "resolved": "apps/mobile",
      "link": true
    },
    "packages/shared": {
      "name": "@ghostbuster/shared",
      "version": "0.1.0",
      "license": "MIT"
    },
    "services/api-relay": {
      "version": "1.0.0",
      "license": "MIT"
    }
  }
}
